
Microsoft Visual Studio Solution File, Format Version 12.00
# Visual Studio 15
VisualStudioVersion = 15.0.27130.2027
MinimumVisualStudioVersion = 10.0.40219.1
Project("{2150E333-8FDC-42A3-9474-1A3956D46DE8}") = "Old", "Old", "{9905DB86-F63D-4D74-8557-F2FDC5A8E8EF}"
EndProject
Project("{9A19103F-16F7-4668-BE54-9A1E7A4F7556}") = "TriggersTools.DiscordBots.TriggerChan.Old", "Old\TriggersTools.DiscordBots.TriggerChan.Old\TriggersTools.DiscordBots.TriggerChan.Old.csproj", "{6E3D50E1-26C7-4B03-9731-F3BEBC01BAE5}"
EndProject
Project("{FAE04EC0-301F-11D3-BF4B-00C04F79EFBC}") = "TriggersTools.DiscordBots.TriggerChan.Old.Executable", "Old\TriggersTools.DiscordBots.TriggerChan.Old.Executable\TriggersTools.DiscordBots.TriggerChan.Old.Executable.csproj", "{E228C56D-4B72-4FFC-A5B6-09F619B98C03}"
EndProject
Project("{2150E333-8FDC-42A3-9474-1A3956D46DE8}") = "Libraries", "Libraries", "{4DB1D48C-742E-49E9-B168-306F530EEE8F}"
EndProject
Project("{2150E333-8FDC-42A3-9474-1A3956D46DE8}") = "MALClient", "MALClient", "{30843916-2A46-4FD3-9EBE-FBB12941E9D5}"
EndProject
Project("{9A19103F-16F7-4668-BE54-9A1E7A4F7556}") = "MALClient.Adapters", "Libraries\MALClient\MALClient.Adapters\MALClient.Adapters.csproj", "{1599FAEB-0352-4DF1-953A-55C3C46CA65C}"
EndProject
Project("{9A19103F-16F7-4668-BE54-9A1E7A4F7556}") = "MALClient.Models", "Libraries\MALClient\MALClient.Models\MALClient.Models.csproj", "{94664BD1-1BEC-4841-B0B3-9484D2B1B758}"
EndProject
Project("{9A19103F-16F7-4668-BE54-9A1E7A4F7556}") = "MALClient.XShared", "Libraries\MALClient\MALClient.XShared\MALClient.XShared.csproj", "{3A9D5199-B1DC-4E30-9EDA-DC97CDCCBC46}"
EndProject
Project("{9A19103F-16F7-4668-BE54-9A1E7A4F7556}") = "MALClient.Utilities.BBCode", "Libraries\MALClient\MALClient.Utilities.BBCode\MALClient.Utilities.BBCode.csproj", "{B9E32EF8-036A-4C3B-A19F-65E297F69C0F}"
EndProject
Project("{9A19103F-16F7-4668-BE54-9A1E7A4F7556}") = "AniListClient", "Libraries\AniListClient\AniListClient.csproj", "{4B61CA42-D6E6-41E1-BEB2-C1AD7C15C44F}"
EndProject
Project("{2150E333-8FDC-42A3-9474-1A3956D46DE8}") = "DiscordBots", "DiscordBots", "{64B4FE5C-C2F7-4390-BD39-ABEA21E627B0}"
EndProject
Project("{9A19103F-16F7-4668-BE54-9A1E7A4F7556}") = "TriggersTools.DiscordBots.Core", "DiscordBots\TriggersTools.DiscordBots.Core\TriggersTools.DiscordBots.Core.csproj", "{54CE9D55-5AC1-42E1-8566-A3997358F284}"
EndProject
Project("{9A19103F-16F7-4668-BE54-9A1E7A4F7556}") = "TriggersTools.DiscordBots.Commands", "DiscordBots\TriggersTools.DiscordBots.Commands\TriggersTools.DiscordBots.Commands.csproj", "{BF277E07-B879-4864-BB05-3167255B3B5D}"
EndProject
Project("{9A19103F-16F7-4668-BE54-9A1E7A4F7556}") = "TriggersTools.DiscordBots.Database", "DiscordBots\TriggersTools.DiscordBots.Database\TriggersTools.DiscordBots.Database.csproj", "{998B235E-251A-448D-B2D7-A0CCA68C5AFB}"
EndProject
Project("{9A19103F-16F7-4668-BE54-9A1E7A4F7556}") = "TriggersTools.DiscordBots.Implementation", "DiscordBots\TriggersTools.DiscordBots.Implementation\TriggersTools.DiscordBots.Implementation.csproj", "{2633849D-2973-4886-8CFC-690BC1574418}"
EndProject
Project("{9A19103F-16F7-4668-BE54-9A1E7A4F7556}") = "TriggersTools.DiscordBots.Daemon", "DiscordBots\TriggersTools.DiscordBots.Daemon\TriggersTools.DiscordBots.Daemon.csproj", "{BD92454B-C21F-41F2-819F-B1819D89B976}"
EndProject
Project("{2150E333-8FDC-42A3-9474-1A3956D46DE8}") = "DiscordBots.MyBots", "DiscordBots.MyBots", "{32143198-896A-4A09-B9A9-4B6499BD9C6F}"
EndProject
Project("{9A19103F-16F7-4668-BE54-9A1E7A4F7556}") = "SpoilerBot", "DiscordBots.MyBots\SpoilerBot\SpoilerBot.csproj", "{629C8775-5773-48D1-8E05-457F34373891}"
EndProject
Project("{9A19103F-16F7-4668-BE54-9A1E7A4F7556}") = "LensOfTruth", "DiscordBots.MyBots\LensOfTruth\LensOfTruth.csproj", "{45247FAF-D536-4C0B-AC88-0C1B08EEBDB2}"
EndProject
Project("{9A19103F-16F7-4668-BE54-9A1E7A4F7556}") = "LensOfTruth.Daemon", "DiscordBots.MyBots\LensOfTruth.Daemon\LensOfTruth.Daemon.csproj", "{D490547E-5E31-432B-98FD-A3669AAD3348}"
EndProject
Project("{9A19103F-16F7-4668-BE54-9A1E7A4F7556}") = "TriggerChan", "DiscordBots.MyBots\TriggerChan\TriggerChan.csproj", "{CB1AB5A8-BA00-4CB1-8FBD-733422DFD895}"
EndProject
Project("{9A19103F-16F7-4668-BE54-9A1E7A4F7556}") = "TriggerChan.Profiles", "DiscordBots.MyBots\TriggerChan.Profiles\TriggerChan.Profiles.csproj", "{9925F0A7-1CCF-4B2A-BF58-4E501E28EA4B}"
EndProject
Project("{9A19103F-16F7-4668-BE54-9A1E7A4F7556}") = "TriggerChan.Daemon", "DiscordBots.MyBots\TriggerChan.Daemon\TriggerChan.Daemon.csproj", "{9EFB3394-512B-4D8B-B096-4D026E65326A}"
EndProject
Project("{9A19103F-16F7-4668-BE54-9A1E7A4F7556}") = "TriggersTools.DiscordBots.Analyzer", "DiscordBots\TriggersTools.DiscordBots.Analyzer\TriggersTools.DiscordBots.Analyzer.csproj", "{02751077-A34C-4F9C-B195-E7ADCCE74916}"
EndProject
Project("{2150E333-8FDC-42A3-9474-1A3956D46DE8}") = "Utilities", "Utilities", "{76817686-58AA-463A-90EC-4EC48FE5137C}"
EndProject
Project("{9A19103F-16F7-4668-BE54-9A1E7A4F7556}") = "KeyGenerator", "Utilities\KeyGenerator\KeyGenerator.csproj", "{20C0D81E-C69A-4BD6-8937-60BC3D760AF8}"
EndProject
Project("{9A19103F-16F7-4668-BE54-9A1E7A4F7556}") = "TriggersTools.Asciify", "Libraries\TriggersTools.Asciify\TriggersTools.Asciify.csproj", "{44A9D4B9-4085-4401-B81C-686F9A6E310F}"
EndProject
Project("{9A19103F-16F7-4668-BE54-9A1E7A4F7556}") = "JikanDotNet", "Libraries\JikanDotNet\JikanDotNet.csproj", "{AD6BCC8A-9288-40F1-8E6F-AC3808CE765C}"
EndProject
Project("{9A19103F-16F7-4668-BE54-9A1E7A4F7556}") = "Victoria", "Libraries\Victoria\Victoria.csproj", "{B0160BAE-FDC6-40CA-8E1C-1E9365553B85}"
EndProject
Project("{9A19103F-16F7-4668-BE54-9A1E7A4F7556}") = "TriggerChan.v2.Migration", "Old\TriggerChan.v2.Migration\TriggerChan.v2.Migration.csproj", "{5FFF0F3A-E492-4E5B-AE43-D3ED7A2176C6}"
EndProject
Project("{9A19103F-16F7-4668-BE54-9A1E7A4F7556}") = "TriggerChan.Migration", "Utilities\TriggerChan.Migration\TriggerChan.Migration.csproj", "{B2E31186-B9A4-49B9-88ED-68F5D0C308A3}"
EndProject
Project("{9A19103F-16F7-4668-BE54-9A1E7A4F7556}") = "DotNetDeploy", "Utilities\DotNetDeploy\DotNetDeploy.csproj", "{05D9D671-80D1-4974-B4D6-316A71F60C1C}"
EndProject
Project("{2150E333-8FDC-42A3-9474-1A3956D46DE8}") = "Libraries", "Libraries", "{37206676-AF96-4550-8902-573478D345C4}"
EndProject
Global
	GlobalSection(SolutionConfigurationPlatforms) = preSolution
		Debug|Any CPU = Debug|Any CPU
		Debug|x64 = Debug|x64
		Debug|x86 = Debug|x86
		Publish|Any CPU = Publish|Any CPU
		Publish|x64 = Publish|x64
		Publish|x86 = Publish|x86
		Release|Any CPU = Release|Any CPU
		Release|x64 = Release|x64
		Release|x86 = Release|x86
	EndGlobalSection
	GlobalSection(ProjectConfigurationPlatforms) = postSolution
		{6E3D50E1-26C7-4B03-9731-F3BEBC01BAE5}.Debug|Any CPU.ActiveCfg = Debug|Any CPU
		{6E3D50E1-26C7-4B03-9731-F3BEBC01BAE5}.Debug|Any CPU.Build.0 = Debug|Any CPU
		{6E3D50E1-26C7-4B03-9731-F3BEBC01BAE5}.Debug|x64.ActiveCfg = Debug|Any CPU
		{6E3D50E1-26C7-4B03-9731-F3BEBC01BAE5}.Debug|x64.Build.0 = Debug|Any CPU
		{6E3D50E1-26C7-4B03-9731-F3BEBC01BAE5}.Debug|x86.ActiveCfg = Debug|Any CPU
		{6E3D50E1-26C7-4B03-9731-F3BEBC01BAE5}.Debug|x86.Build.0 = Debug|Any CPU
		{6E3D50E1-26C7-4B03-9731-F3BEBC01BAE5}.Publish|Any CPU.ActiveCfg = Release|Any CPU
		{6E3D50E1-26C7-4B03-9731-F3BEBC01BAE5}.Publish|Any CPU.Build.0 = Release|Any CPU
		{6E3D50E1-26C7-4B03-9731-F3BEBC01BAE5}.Publish|x64.ActiveCfg = Release|Any CPU
		{6E3D50E1-26C7-4B03-9731-F3BEBC01BAE5}.Publish|x64.Build.0 = Release|Any CPU
		{6E3D50E1-26C7-4B03-9731-F3BEBC01BAE5}.Publish|x86.ActiveCfg = Release|Any CPU
		{6E3D50E1-26C7-4B03-9731-F3BEBC01BAE5}.Publish|x86.Build.0 = Release|Any CPU
		{6E3D50E1-26C7-4B03-9731-F3BEBC01BAE5}.Release|Any CPU.ActiveCfg = Release|Any CPU
		{6E3D50E1-26C7-4B03-9731-F3BEBC01BAE5}.Release|Any CPU.Build.0 = Release|Any CPU
		{6E3D50E1-26C7-4B03-9731-F3BEBC01BAE5}.Release|x64.ActiveCfg = Release|Any CPU
		{6E3D50E1-26C7-4B03-9731-F3BEBC01BAE5}.Release|x64.Build.0 = Release|Any CPU
		{6E3D50E1-26C7-4B03-9731-F3BEBC01BAE5}.Release|x86.ActiveCfg = Release|Any CPU
		{6E3D50E1-26C7-4B03-9731-F3BEBC01BAE5}.Release|x86.Build.0 = Release|Any CPU
		{E228C56D-4B72-4FFC-A5B6-09F619B98C03}.Debug|Any CPU.ActiveCfg = Debug|Any CPU
		{E228C56D-4B72-4FFC-A5B6-09F619B98C03}.Debug|Any CPU.Build.0 = Debug|Any CPU
		{E228C56D-4B72-4FFC-A5B6-09F619B98C03}.Debug|x64.ActiveCfg = Debug|Any CPU
		{E228C56D-4B72-4FFC-A5B6-09F619B98C03}.Debug|x86.ActiveCfg = Debug|Any CPU
		{E228C56D-4B72-4FFC-A5B6-09F619B98C03}.Debug|x86.Build.0 = Debug|Any CPU
		{E228C56D-4B72-4FFC-A5B6-09F619B98C03}.Publish|Any CPU.ActiveCfg = Release|Any CPU
		{E228C56D-4B72-4FFC-A5B6-09F619B98C03}.Publish|Any CPU.Build.0 = Release|Any CPU
		{E228C56D-4B72-4FFC-A5B6-09F619B98C03}.Publish|x64.ActiveCfg = Release|Any CPU
		{E228C56D-4B72-4FFC-A5B6-09F619B98C03}.Publish|x86.ActiveCfg = Release|Any CPU
		{E228C56D-4B72-4FFC-A5B6-09F619B98C03}.Publish|x86.Build.0 = Release|Any CPU
		{E228C56D-4B72-4FFC-A5B6-09F619B98C03}.Release|Any CPU.ActiveCfg = Release|Any CPU
		{E228C56D-4B72-4FFC-A5B6-09F619B98C03}.Release|Any CPU.Build.0 = Release|Any CPU
		{E228C56D-4B72-4FFC-A5B6-09F619B98C03}.Release|x64.ActiveCfg = Release|Any CPU
		{E228C56D-4B72-4FFC-A5B6-09F619B98C03}.Release|x86.ActiveCfg = Release|Any CPU
		{E228C56D-4B72-4FFC-A5B6-09F619B98C03}.Release|x86.Build.0 = Release|Any CPU
		{1599FAEB-0352-4DF1-953A-55C3C46CA65C}.Debug|Any CPU.ActiveCfg = Debug|Any CPU
		{1599FAEB-0352-4DF1-953A-55C3C46CA65C}.Debug|Any CPU.Build.0 = Debug|Any CPU
		{1599FAEB-0352-4DF1-953A-55C3C46CA65C}.Debug|x64.ActiveCfg = Debug|Any CPU
		{1599FAEB-0352-4DF1-953A-55C3C46CA65C}.Debug|x86.ActiveCfg = Debug|Any CPU
		{1599FAEB-0352-4DF1-953A-55C3C46CA65C}.Debug|x86.Build.0 = Debug|Any CPU
		{1599FAEB-0352-4DF1-953A-55C3C46CA65C}.Publish|Any CPU.ActiveCfg = Release|Any CPU
		{1599FAEB-0352-4DF1-953A-55C3C46CA65C}.Publish|Any CPU.Build.0 = Release|Any CPU
		{1599FAEB-0352-4DF1-953A-55C3C46CA65C}.Publish|x64.ActiveCfg = Release|Any CPU
		{1599FAEB-0352-4DF1-953A-55C3C46CA65C}.Publish|x86.ActiveCfg = Release|Any CPU
		{1599FAEB-0352-4DF1-953A-55C3C46CA65C}.Publish|x86.Build.0 = Release|Any CPU
		{1599FAEB-0352-4DF1-953A-55C3C46CA65C}.Release|Any CPU.ActiveCfg = Release|Any CPU
		{1599FAEB-0352-4DF1-953A-55C3C46CA65C}.Release|Any CPU.Build.0 = Release|Any CPU
		{1599FAEB-0352-4DF1-953A-55C3C46CA65C}.Release|x64.ActiveCfg = Release|Any CPU
		{1599FAEB-0352-4DF1-953A-55C3C46CA65C}.Release|x86.ActiveCfg = Release|Any CPU
		{1599FAEB-0352-4DF1-953A-55C3C46CA65C}.Release|x86.Build.0 = Release|Any CPU
		{94664BD1-1BEC-4841-B0B3-9484D2B1B758}.Debug|Any CPU.ActiveCfg = Debug|Any CPU
		{94664BD1-1BEC-4841-B0B3-9484D2B1B758}.Debug|Any CPU.Build.0 = Debug|Any CPU
		{94664BD1-1BEC-4841-B0B3-9484D2B1B758}.Debug|x64.ActiveCfg = Debug|Any CPU
		{94664BD1-1BEC-4841-B0B3-9484D2B1B758}.Debug|x64.Build.0 = Debug|Any CPU
		{94664BD1-1BEC-4841-B0B3-9484D2B1B758}.Debug|x86.ActiveCfg = Debug|Any CPU
		{94664BD1-1BEC-4841-B0B3-9484D2B1B758}.Debug|x86.Build.0 = Debug|Any CPU
		{94664BD1-1BEC-4841-B0B3-9484D2B1B758}.Publish|Any CPU.ActiveCfg = Release|Any CPU
		{94664BD1-1BEC-4841-B0B3-9484D2B1B758}.Publish|Any CPU.Build.0 = Release|Any CPU
		{94664BD1-1BEC-4841-B0B3-9484D2B1B758}.Publish|x64.ActiveCfg = Release|Any CPU
		{94664BD1-1BEC-4841-B0B3-9484D2B1B758}.Publish|x64.Build.0 = Release|Any CPU
		{94664BD1-1BEC-4841-B0B3-9484D2B1B758}.Publish|x86.ActiveCfg = Release|Any CPU
		{94664BD1-1BEC-4841-B0B3-9484D2B1B758}.Publish|x86.Build.0 = Release|Any CPU
		{94664BD1-1BEC-4841-B0B3-9484D2B1B758}.Release|Any CPU.ActiveCfg = Release|Any CPU
		{94664BD1-1BEC-4841-B0B3-9484D2B1B758}.Release|Any CPU.Build.0 = Release|Any CPU
		{94664BD1-1BEC-4841-B0B3-9484D2B1B758}.Release|x64.ActiveCfg = Release|Any CPU
		{94664BD1-1BEC-4841-B0B3-9484D2B1B758}.Release|x64.Build.0 = Release|Any CPU
		{94664BD1-1BEC-4841-B0B3-9484D2B1B758}.Release|x86.ActiveCfg = Release|Any CPU
		{94664BD1-1BEC-4841-B0B3-9484D2B1B758}.Release|x86.Build.0 = Release|Any CPU
		{3A9D5199-B1DC-4E30-9EDA-DC97CDCCBC46}.Debug|Any CPU.ActiveCfg = Debug|Any CPU
		{3A9D5199-B1DC-4E30-9EDA-DC97CDCCBC46}.Debug|Any CPU.Build.0 = Debug|Any CPU
		{3A9D5199-B1DC-4E30-9EDA-DC97CDCCBC46}.Debug|x64.ActiveCfg = Debug|Any CPU
		{3A9D5199-B1DC-4E30-9EDA-DC97CDCCBC46}.Debug|x64.Build.0 = Debug|Any CPU
		{3A9D5199-B1DC-4E30-9EDA-DC97CDCCBC46}.Debug|x86.ActiveCfg = Debug|Any CPU
		{3A9D5199-B1DC-4E30-9EDA-DC97CDCCBC46}.Debug|x86.Build.0 = Debug|Any CPU
		{3A9D5199-B1DC-4E30-9EDA-DC97CDCCBC46}.Publish|Any CPU.ActiveCfg = Release|Any CPU
		{3A9D5199-B1DC-4E30-9EDA-DC97CDCCBC46}.Publish|Any CPU.Build.0 = Release|Any CPU
		{3A9D5199-B1DC-4E30-9EDA-DC97CDCCBC46}.Publish|x64.ActiveCfg = Release|Any CPU
		{3A9D5199-B1DC-4E30-9EDA-DC97CDCCBC46}.Publish|x64.Build.0 = Release|Any CPU
		{3A9D5199-B1DC-4E30-9EDA-DC97CDCCBC46}.Publish|x86.ActiveCfg = Release|Any CPU
		{3A9D5199-B1DC-4E30-9EDA-DC97CDCCBC46}.Publish|x86.Build.0 = Release|Any CPU
		{3A9D5199-B1DC-4E30-9EDA-DC97CDCCBC46}.Release|Any CPU.ActiveCfg = Release|Any CPU
		{3A9D5199-B1DC-4E30-9EDA-DC97CDCCBC46}.Release|Any CPU.Build.0 = Release|Any CPU
		{3A9D5199-B1DC-4E30-9EDA-DC97CDCCBC46}.Release|x64.ActiveCfg = Release|Any CPU
		{3A9D5199-B1DC-4E30-9EDA-DC97CDCCBC46}.Release|x64.Build.0 = Release|Any CPU
		{3A9D5199-B1DC-4E30-9EDA-DC97CDCCBC46}.Release|x86.ActiveCfg = Release|Any CPU
		{3A9D5199-B1DC-4E30-9EDA-DC97CDCCBC46}.Release|x86.Build.0 = Release|Any CPU
		{B9E32EF8-036A-4C3B-A19F-65E297F69C0F}.Debug|Any CPU.ActiveCfg = Debug|Any CPU
		{B9E32EF8-036A-4C3B-A19F-65E297F69C0F}.Debug|Any CPU.Build.0 = Debug|Any CPU
		{B9E32EF8-036A-4C3B-A19F-65E297F69C0F}.Debug|x64.ActiveCfg = Debug|Any CPU
		{B9E32EF8-036A-4C3B-A19F-65E297F69C0F}.Debug|x64.Build.0 = Debug|Any CPU
		{B9E32EF8-036A-4C3B-A19F-65E297F69C0F}.Debug|x86.ActiveCfg = Debug|Any CPU
		{B9E32EF8-036A-4C3B-A19F-65E297F69C0F}.Debug|x86.Build.0 = Debug|Any CPU
		{B9E32EF8-036A-4C3B-A19F-65E297F69C0F}.Publish|Any CPU.ActiveCfg = Release|Any CPU
		{B9E32EF8-036A-4C3B-A19F-65E297F69C0F}.Publish|Any CPU.Build.0 = Release|Any CPU
		{B9E32EF8-036A-4C3B-A19F-65E297F69C0F}.Publish|x64.ActiveCfg = Release|Any CPU
		{B9E32EF8-036A-4C3B-A19F-65E297F69C0F}.Publish|x64.Build.0 = Release|Any CPU
		{B9E32EF8-036A-4C3B-A19F-65E297F69C0F}.Publish|x86.ActiveCfg = Release|Any CPU
		{B9E32EF8-036A-4C3B-A19F-65E297F69C0F}.Publish|x86.Build.0 = Release|Any CPU
		{B9E32EF8-036A-4C3B-A19F-65E297F69C0F}.Release|Any CPU.ActiveCfg = Release|Any CPU
		{B9E32EF8-036A-4C3B-A19F-65E297F69C0F}.Release|Any CPU.Build.0 = Release|Any CPU
		{B9E32EF8-036A-4C3B-A19F-65E297F69C0F}.Release|x64.ActiveCfg = Release|Any CPU
		{B9E32EF8-036A-4C3B-A19F-65E297F69C0F}.Release|x64.Build.0 = Release|Any CPU
		{B9E32EF8-036A-4C3B-A19F-65E297F69C0F}.Release|x86.ActiveCfg = Release|Any CPU
		{B9E32EF8-036A-4C3B-A19F-65E297F69C0F}.Release|x86.Build.0 = Release|Any CPU
		{4B61CA42-D6E6-41E1-BEB2-C1AD7C15C44F}.Debug|Any CPU.ActiveCfg = Debug|Any CPU
		{4B61CA42-D6E6-41E1-BEB2-C1AD7C15C44F}.Debug|Any CPU.Build.0 = Debug|Any CPU
		{4B61CA42-D6E6-41E1-BEB2-C1AD7C15C44F}.Debug|x64.ActiveCfg = Debug|Any CPU
		{4B61CA42-D6E6-41E1-BEB2-C1AD7C15C44F}.Debug|x64.Build.0 = Debug|Any CPU
		{4B61CA42-D6E6-41E1-BEB2-C1AD7C15C44F}.Debug|x86.ActiveCfg = Debug|Any CPU
		{4B61CA42-D6E6-41E1-BEB2-C1AD7C15C44F}.Debug|x86.Build.0 = Debug|Any CPU
		{4B61CA42-D6E6-41E1-BEB2-C1AD7C15C44F}.Publish|Any CPU.ActiveCfg = Release|Any CPU
		{4B61CA42-D6E6-41E1-BEB2-C1AD7C15C44F}.Publish|Any CPU.Build.0 = Release|Any CPU
		{4B61CA42-D6E6-41E1-BEB2-C1AD7C15C44F}.Publish|x64.ActiveCfg = Release|Any CPU
		{4B61CA42-D6E6-41E1-BEB2-C1AD7C15C44F}.Publish|x64.Build.0 = Release|Any CPU
		{4B61CA42-D6E6-41E1-BEB2-C1AD7C15C44F}.Publish|x86.ActiveCfg = Release|Any CPU
		{4B61CA42-D6E6-41E1-BEB2-C1AD7C15C44F}.Publish|x86.Build.0 = Release|Any CPU
		{4B61CA42-D6E6-41E1-BEB2-C1AD7C15C44F}.Release|Any CPU.ActiveCfg = Release|Any CPU
		{4B61CA42-D6E6-41E1-BEB2-C1AD7C15C44F}.Release|Any CPU.Build.0 = Release|Any CPU
		{4B61CA42-D6E6-41E1-BEB2-C1AD7C15C44F}.Release|x64.ActiveCfg = Release|Any CPU
		{4B61CA42-D6E6-41E1-BEB2-C1AD7C15C44F}.Release|x64.Build.0 = Release|Any CPU
		{4B61CA42-D6E6-41E1-BEB2-C1AD7C15C44F}.Release|x86.ActiveCfg = Release|Any CPU
		{4B61CA42-D6E6-41E1-BEB2-C1AD7C15C44F}.Release|x86.Build.0 = Release|Any CPU
		{54CE9D55-5AC1-42E1-8566-A3997358F284}.Debug|Any CPU.ActiveCfg = Debug|Any CPU
		{54CE9D55-5AC1-42E1-8566-A3997358F284}.Debug|Any CPU.Build.0 = Debug|Any CPU
		{54CE9D55-5AC1-42E1-8566-A3997358F284}.Debug|x64.ActiveCfg = Debug|Any CPU
		{54CE9D55-5AC1-42E1-8566-A3997358F284}.Debug|x64.Build.0 = Debug|Any CPU
		{54CE9D55-5AC1-42E1-8566-A3997358F284}.Debug|x86.ActiveCfg = Debug|Any CPU
		{54CE9D55-5AC1-42E1-8566-A3997358F284}.Debug|x86.Build.0 = Debug|Any CPU
		{54CE9D55-5AC1-42E1-8566-A3997358F284}.Publish|Any CPU.ActiveCfg = Release|Any CPU
		{54CE9D55-5AC1-42E1-8566-A3997358F284}.Publish|Any CPU.Build.0 = Release|Any CPU
		{54CE9D55-5AC1-42E1-8566-A3997358F284}.Publish|x64.ActiveCfg = Release|Any CPU
		{54CE9D55-5AC1-42E1-8566-A3997358F284}.Publish|x64.Build.0 = Release|Any CPU
		{54CE9D55-5AC1-42E1-8566-A3997358F284}.Publish|x86.ActiveCfg = Release|Any CPU
		{54CE9D55-5AC1-42E1-8566-A3997358F284}.Publish|x86.Build.0 = Release|Any CPU
		{54CE9D55-5AC1-42E1-8566-A3997358F284}.Release|Any CPU.ActiveCfg = Release|Any CPU
		{54CE9D55-5AC1-42E1-8566-A3997358F284}.Release|Any CPU.Build.0 = Release|Any CPU
		{54CE9D55-5AC1-42E1-8566-A3997358F284}.Release|x64.ActiveCfg = Release|Any CPU
		{54CE9D55-5AC1-42E1-8566-A3997358F284}.Release|x64.Build.0 = Release|Any CPU
		{54CE9D55-5AC1-42E1-8566-A3997358F284}.Release|x86.ActiveCfg = Release|Any CPU
		{54CE9D55-5AC1-42E1-8566-A3997358F284}.Release|x86.Build.0 = Release|Any CPU
		{BF277E07-B879-4864-BB05-3167255B3B5D}.Debug|Any CPU.ActiveCfg = Debug|Any CPU
		{BF277E07-B879-4864-BB05-3167255B3B5D}.Debug|Any CPU.Build.0 = Debug|Any CPU
		{BF277E07-B879-4864-BB05-3167255B3B5D}.Debug|x64.ActiveCfg = Debug|Any CPU
		{BF277E07-B879-4864-BB05-3167255B3B5D}.Debug|x64.Build.0 = Debug|Any CPU
		{BF277E07-B879-4864-BB05-3167255B3B5D}.Debug|x86.ActiveCfg = Debug|Any CPU
		{BF277E07-B879-4864-BB05-3167255B3B5D}.Debug|x86.Build.0 = Debug|Any CPU
		{BF277E07-B879-4864-BB05-3167255B3B5D}.Publish|Any CPU.ActiveCfg = Release|Any CPU
		{BF277E07-B879-4864-BB05-3167255B3B5D}.Publish|Any CPU.Build.0 = Release|Any CPU
		{BF277E07-B879-4864-BB05-3167255B3B5D}.Publish|x64.ActiveCfg = Release|Any CPU
		{BF277E07-B879-4864-BB05-3167255B3B5D}.Publish|x64.Build.0 = Release|Any CPU
		{BF277E07-B879-4864-BB05-3167255B3B5D}.Publish|x86.ActiveCfg = Release|Any CPU
		{BF277E07-B879-4864-BB05-3167255B3B5D}.Publish|x86.Build.0 = Release|Any CPU
		{BF277E07-B879-4864-BB05-3167255B3B5D}.Release|Any CPU.ActiveCfg = Release|Any CPU
		{BF277E07-B879-4864-BB05-3167255B3B5D}.Release|Any CPU.Build.0 = Release|Any CPU
		{BF277E07-B879-4864-BB05-3167255B3B5D}.Release|x64.ActiveCfg = Release|Any CPU
		{BF277E07-B879-4864-BB05-3167255B3B5D}.Release|x64.Build.0 = Release|Any CPU
		{BF277E07-B879-4864-BB05-3167255B3B5D}.Release|x86.ActiveCfg = Release|Any CPU
		{BF277E07-B879-4864-BB05-3167255B3B5D}.Release|x86.Build.0 = Release|Any CPU
		{998B235E-251A-448D-B2D7-A0CCA68C5AFB}.Debug|Any CPU.ActiveCfg = Debug|Any CPU
		{998B235E-251A-448D-B2D7-A0CCA68C5AFB}.Debug|Any CPU.Build.0 = Debug|Any CPU
		{998B235E-251A-448D-B2D7-A0CCA68C5AFB}.Debug|x64.ActiveCfg = Debug|Any CPU
		{998B235E-251A-448D-B2D7-A0CCA68C5AFB}.Debug|x64.Build.0 = Debug|Any CPU
		{998B235E-251A-448D-B2D7-A0CCA68C5AFB}.Debug|x86.ActiveCfg = Debug|Any CPU
		{998B235E-251A-448D-B2D7-A0CCA68C5AFB}.Debug|x86.Build.0 = Debug|Any CPU
		{998B235E-251A-448D-B2D7-A0CCA68C5AFB}.Publish|Any CPU.ActiveCfg = Release|Any CPU
		{998B235E-251A-448D-B2D7-A0CCA68C5AFB}.Publish|Any CPU.Build.0 = Release|Any CPU
		{998B235E-251A-448D-B2D7-A0CCA68C5AFB}.Publish|x64.ActiveCfg = Release|Any CPU
		{998B235E-251A-448D-B2D7-A0CCA68C5AFB}.Publish|x64.Build.0 = Release|Any CPU
		{998B235E-251A-448D-B2D7-A0CCA68C5AFB}.Publish|x86.ActiveCfg = Release|Any CPU
		{998B235E-251A-448D-B2D7-A0CCA68C5AFB}.Publish|x86.Build.0 = Release|Any CPU
		{998B235E-251A-448D-B2D7-A0CCA68C5AFB}.Release|Any CPU.ActiveCfg = Release|Any CPU
		{998B235E-251A-448D-B2D7-A0CCA68C5AFB}.Release|Any CPU.Build.0 = Release|Any CPU
		{998B235E-251A-448D-B2D7-A0CCA68C5AFB}.Release|x64.ActiveCfg = Release|Any CPU
		{998B235E-251A-448D-B2D7-A0CCA68C5AFB}.Release|x64.Build.0 = Release|Any CPU
		{998B235E-251A-448D-B2D7-A0CCA68C5AFB}.Release|x86.ActiveCfg = Release|Any CPU
		{998B235E-251A-448D-B2D7-A0CCA68C5AFB}.Release|x86.Build.0 = Release|Any CPU
		{2633849D-2973-4886-8CFC-690BC1574418}.Debug|Any CPU.ActiveCfg = Debug|Any CPU
		{2633849D-2973-4886-8CFC-690BC1574418}.Debug|Any CPU.Build.0 = Debug|Any CPU
		{2633849D-2973-4886-8CFC-690BC1574418}.Debug|x64.ActiveCfg = Debug|Any CPU
		{2633849D-2973-4886-8CFC-690BC1574418}.Debug|x64.Build.0 = Debug|Any CPU
		{2633849D-2973-4886-8CFC-690BC1574418}.Debug|x86.ActiveCfg = Debug|Any CPU
		{2633849D-2973-4886-8CFC-690BC1574418}.Debug|x86.Build.0 = Debug|Any CPU
		{2633849D-2973-4886-8CFC-690BC1574418}.Publish|Any CPU.ActiveCfg = Release|Any CPU
		{2633849D-2973-4886-8CFC-690BC1574418}.Publish|Any CPU.Build.0 = Release|Any CPU
		{2633849D-2973-4886-8CFC-690BC1574418}.Publish|x64.ActiveCfg = Release|Any CPU
		{2633849D-2973-4886-8CFC-690BC1574418}.Publish|x64.Build.0 = Release|Any CPU
		{2633849D-2973-4886-8CFC-690BC1574418}.Publish|x86.ActiveCfg = Release|Any CPU
		{2633849D-2973-4886-8CFC-690BC1574418}.Publish|x86.Build.0 = Release|Any CPU
		{2633849D-2973-4886-8CFC-690BC1574418}.Release|Any CPU.ActiveCfg = Release|Any CPU
		{2633849D-2973-4886-8CFC-690BC1574418}.Release|Any CPU.Build.0 = Release|Any CPU
		{2633849D-2973-4886-8CFC-690BC1574418}.Release|x64.ActiveCfg = Release|Any CPU
		{2633849D-2973-4886-8CFC-690BC1574418}.Release|x64.Build.0 = Release|Any CPU
		{2633849D-2973-4886-8CFC-690BC1574418}.Release|x86.ActiveCfg = Release|Any CPU
		{2633849D-2973-4886-8CFC-690BC1574418}.Release|x86.Build.0 = Release|Any CPU
		{BD92454B-C21F-41F2-819F-B1819D89B976}.Debug|Any CPU.ActiveCfg = Debug|Any CPU
		{BD92454B-C21F-41F2-819F-B1819D89B976}.Debug|Any CPU.Build.0 = Debug|Any CPU
		{BD92454B-C21F-41F2-819F-B1819D89B976}.Debug|x64.ActiveCfg = Debug|Any CPU
		{BD92454B-C21F-41F2-819F-B1819D89B976}.Debug|x64.Build.0 = Debug|Any CPU
		{BD92454B-C21F-41F2-819F-B1819D89B976}.Debug|x86.ActiveCfg = Debug|Any CPU
		{BD92454B-C21F-41F2-819F-B1819D89B976}.Debug|x86.Build.0 = Debug|Any CPU
		{BD92454B-C21F-41F2-819F-B1819D89B976}.Publish|Any CPU.ActiveCfg = Release|Any CPU
		{BD92454B-C21F-41F2-819F-B1819D89B976}.Publish|Any CPU.Build.0 = Release|Any CPU
		{BD92454B-C21F-41F2-819F-B1819D89B976}.Publish|x64.ActiveCfg = Release|Any CPU
		{BD92454B-C21F-41F2-819F-B1819D89B976}.Publish|x64.Build.0 = Release|Any CPU
		{BD92454B-C21F-41F2-819F-B1819D89B976}.Publish|x86.ActiveCfg = Release|Any CPU
		{BD92454B-C21F-41F2-819F-B1819D89B976}.Publish|x86.Build.0 = Release|Any CPU
		{BD92454B-C21F-41F2-819F-B1819D89B976}.Release|Any CPU.ActiveCfg = Release|Any CPU
		{BD92454B-C21F-41F2-819F-B1819D89B976}.Release|Any CPU.Build.0 = Release|Any CPU
		{BD92454B-C21F-41F2-819F-B1819D89B976}.Release|x64.ActiveCfg = Release|Any CPU
		{BD92454B-C21F-41F2-819F-B1819D89B976}.Release|x64.Build.0 = Release|Any CPU
		{BD92454B-C21F-41F2-819F-B1819D89B976}.Release|x86.ActiveCfg = Release|Any CPU
		{BD92454B-C21F-41F2-819F-B1819D89B976}.Release|x86.Build.0 = Release|Any CPU
		{629C8775-5773-48D1-8E05-457F34373891}.Debug|Any CPU.ActiveCfg = Debug|Any CPU
		{629C8775-5773-48D1-8E05-457F34373891}.Debug|Any CPU.Build.0 = Debug|Any CPU
		{629C8775-5773-48D1-8E05-457F34373891}.Debug|x64.ActiveCfg = Debug|Any CPU
		{629C8775-5773-48D1-8E05-457F34373891}.Debug|x64.Build.0 = Debug|Any CPU
		{629C8775-5773-48D1-8E05-457F34373891}.Debug|x86.ActiveCfg = Debug|Any CPU
		{629C8775-5773-48D1-8E05-457F34373891}.Debug|x86.Build.0 = Debug|Any CPU
		{629C8775-5773-48D1-8E05-457F34373891}.Publish|Any CPU.ActiveCfg = Release|Any CPU
		{629C8775-5773-48D1-8E05-457F34373891}.Publish|Any CPU.Build.0 = Release|Any CPU
		{629C8775-5773-48D1-8E05-457F34373891}.Publish|x64.ActiveCfg = Release|Any CPU
		{629C8775-5773-48D1-8E05-457F34373891}.Publish|x64.Build.0 = Release|Any CPU
		{629C8775-5773-48D1-8E05-457F34373891}.Publish|x86.ActiveCfg = Release|Any CPU
		{629C8775-5773-48D1-8E05-457F34373891}.Publish|x86.Build.0 = Release|Any CPU
		{629C8775-5773-48D1-8E05-457F34373891}.Release|Any CPU.ActiveCfg = Release|Any CPU
		{629C8775-5773-48D1-8E05-457F34373891}.Release|Any CPU.Build.0 = Release|Any CPU
		{629C8775-5773-48D1-8E05-457F34373891}.Release|x64.ActiveCfg = Release|Any CPU
		{629C8775-5773-48D1-8E05-457F34373891}.Release|x64.Build.0 = Release|Any CPU
		{629C8775-5773-48D1-8E05-457F34373891}.Release|x86.ActiveCfg = Release|Any CPU
		{629C8775-5773-48D1-8E05-457F34373891}.Release|x86.Build.0 = Release|Any CPU
		{45247FAF-D536-4C0B-AC88-0C1B08EEBDB2}.Debug|Any CPU.ActiveCfg = Debug|Any CPU
		{45247FAF-D536-4C0B-AC88-0C1B08EEBDB2}.Debug|Any CPU.Build.0 = Debug|Any CPU
		{45247FAF-D536-4C0B-AC88-0C1B08EEBDB2}.Debug|x64.ActiveCfg = Debug|Any CPU
		{45247FAF-D536-4C0B-AC88-0C1B08EEBDB2}.Debug|x64.Build.0 = Debug|Any CPU
		{45247FAF-D536-4C0B-AC88-0C1B08EEBDB2}.Debug|x86.ActiveCfg = Debug|Any CPU
		{45247FAF-D536-4C0B-AC88-0C1B08EEBDB2}.Debug|x86.Build.0 = Debug|Any CPU
		{45247FAF-D536-4C0B-AC88-0C1B08EEBDB2}.Publish|Any CPU.ActiveCfg = Release|Any CPU
		{45247FAF-D536-4C0B-AC88-0C1B08EEBDB2}.Publish|Any CPU.Build.0 = Release|Any CPU
		{45247FAF-D536-4C0B-AC88-0C1B08EEBDB2}.Publish|x64.ActiveCfg = Release|Any CPU
		{45247FAF-D536-4C0B-AC88-0C1B08EEBDB2}.Publish|x64.Build.0 = Release|Any CPU
		{45247FAF-D536-4C0B-AC88-0C1B08EEBDB2}.Publish|x86.ActiveCfg = Release|Any CPU
		{45247FAF-D536-4C0B-AC88-0C1B08EEBDB2}.Publish|x86.Build.0 = Release|Any CPU
		{45247FAF-D536-4C0B-AC88-0C1B08EEBDB2}.Release|Any CPU.ActiveCfg = Release|Any CPU
		{45247FAF-D536-4C0B-AC88-0C1B08EEBDB2}.Release|Any CPU.Build.0 = Release|Any CPU
		{45247FAF-D536-4C0B-AC88-0C1B08EEBDB2}.Release|x64.ActiveCfg = Release|Any CPU
		{45247FAF-D536-4C0B-AC88-0C1B08EEBDB2}.Release|x64.Build.0 = Release|Any CPU
		{45247FAF-D536-4C0B-AC88-0C1B08EEBDB2}.Release|x86.ActiveCfg = Release|Any CPU
		{45247FAF-D536-4C0B-AC88-0C1B08EEBDB2}.Release|x86.Build.0 = Release|Any CPU
		{D490547E-5E31-432B-98FD-A3669AAD3348}.Debug|Any CPU.ActiveCfg = Debug|Any CPU
		{D490547E-5E31-432B-98FD-A3669AAD3348}.Debug|Any CPU.Build.0 = Debug|Any CPU
		{D490547E-5E31-432B-98FD-A3669AAD3348}.Debug|x64.ActiveCfg = Debug|Any CPU
		{D490547E-5E31-432B-98FD-A3669AAD3348}.Debug|x64.Build.0 = Debug|Any CPU
		{D490547E-5E31-432B-98FD-A3669AAD3348}.Debug|x86.ActiveCfg = Debug|Any CPU
		{D490547E-5E31-432B-98FD-A3669AAD3348}.Debug|x86.Build.0 = Debug|Any CPU
		{D490547E-5E31-432B-98FD-A3669AAD3348}.Publish|Any CPU.ActiveCfg = Release|Any CPU
		{D490547E-5E31-432B-98FD-A3669AAD3348}.Publish|Any CPU.Build.0 = Release|Any CPU
		{D490547E-5E31-432B-98FD-A3669AAD3348}.Publish|x64.ActiveCfg = Release|Any CPU
		{D490547E-5E31-432B-98FD-A3669AAD3348}.Publish|x64.Build.0 = Release|Any CPU
		{D490547E-5E31-432B-98FD-A3669AAD3348}.Publish|x86.ActiveCfg = Release|Any CPU
		{D490547E-5E31-432B-98FD-A3669AAD3348}.Publish|x86.Build.0 = Release|Any CPU
		{D490547E-5E31-432B-98FD-A3669AAD3348}.Release|Any CPU.ActiveCfg = Release|Any CPU
		{D490547E-5E31-432B-98FD-A3669AAD3348}.Release|Any CPU.Build.0 = Release|Any CPU
		{D490547E-5E31-432B-98FD-A3669AAD3348}.Release|x64.ActiveCfg = Release|Any CPU
		{D490547E-5E31-432B-98FD-A3669AAD3348}.Release|x64.Build.0 = Release|Any CPU
		{D490547E-5E31-432B-98FD-A3669AAD3348}.Release|x86.ActiveCfg = Release|Any CPU
		{D490547E-5E31-432B-98FD-A3669AAD3348}.Release|x86.Build.0 = Release|Any CPU
		{CB1AB5A8-BA00-4CB1-8FBD-733422DFD895}.Debug|Any CPU.ActiveCfg = Debug|Any CPU
		{CB1AB5A8-BA00-4CB1-8FBD-733422DFD895}.Debug|Any CPU.Build.0 = Debug|Any CPU
		{CB1AB5A8-BA00-4CB1-8FBD-733422DFD895}.Debug|x64.ActiveCfg = Debug|Any CPU
		{CB1AB5A8-BA00-4CB1-8FBD-733422DFD895}.Debug|x64.Build.0 = Debug|Any CPU
		{CB1AB5A8-BA00-4CB1-8FBD-733422DFD895}.Debug|x86.ActiveCfg = Debug|Any CPU
		{CB1AB5A8-BA00-4CB1-8FBD-733422DFD895}.Debug|x86.Build.0 = Debug|Any CPU
		{CB1AB5A8-BA00-4CB1-8FBD-733422DFD895}.Publish|Any CPU.ActiveCfg = Publish|Any CPU
		{CB1AB5A8-BA00-4CB1-8FBD-733422DFD895}.Publish|Any CPU.Build.0 = Publish|Any CPU
		{CB1AB5A8-BA00-4CB1-8FBD-733422DFD895}.Publish|x64.ActiveCfg = Release|Any CPU
		{CB1AB5A8-BA00-4CB1-8FBD-733422DFD895}.Publish|x64.Build.0 = Release|Any CPU
		{CB1AB5A8-BA00-4CB1-8FBD-733422DFD895}.Publish|x86.ActiveCfg = Release|Any CPU
		{CB1AB5A8-BA00-4CB1-8FBD-733422DFD895}.Publish|x86.Build.0 = Release|Any CPU
		{CB1AB5A8-BA00-4CB1-8FBD-733422DFD895}.Release|Any CPU.ActiveCfg = Release|Any CPU
		{CB1AB5A8-BA00-4CB1-8FBD-733422DFD895}.Release|Any CPU.Build.0 = Release|Any CPU
		{CB1AB5A8-BA00-4CB1-8FBD-733422DFD895}.Release|x64.ActiveCfg = Release|Any CPU
		{CB1AB5A8-BA00-4CB1-8FBD-733422DFD895}.Release|x64.Build.0 = Release|Any CPU
		{CB1AB5A8-BA00-4CB1-8FBD-733422DFD895}.Release|x86.ActiveCfg = Release|Any CPU
		{CB1AB5A8-BA00-4CB1-8FBD-733422DFD895}.Release|x86.Build.0 = Release|Any CPU
		{9925F0A7-1CCF-4B2A-BF58-4E501E28EA4B}.Debug|Any CPU.ActiveCfg = Debug|Any CPU
		{9925F0A7-1CCF-4B2A-BF58-4E501E28EA4B}.Debug|Any CPU.Build.0 = Debug|Any CPU
		{9925F0A7-1CCF-4B2A-BF58-4E501E28EA4B}.Debug|x64.ActiveCfg = Debug|Any CPU
		{9925F0A7-1CCF-4B2A-BF58-4E501E28EA4B}.Debug|x64.Build.0 = Debug|Any CPU
		{9925F0A7-1CCF-4B2A-BF58-4E501E28EA4B}.Debug|x86.ActiveCfg = Debug|Any CPU
		{9925F0A7-1CCF-4B2A-BF58-4E501E28EA4B}.Debug|x86.Build.0 = Debug|Any CPU
		{9925F0A7-1CCF-4B2A-BF58-4E501E28EA4B}.Publish|Any CPU.ActiveCfg = Release|Any CPU
		{9925F0A7-1CCF-4B2A-BF58-4E501E28EA4B}.Publish|Any CPU.Build.0 = Release|Any CPU
		{9925F0A7-1CCF-4B2A-BF58-4E501E28EA4B}.Publish|x64.ActiveCfg = Release|Any CPU
		{9925F0A7-1CCF-4B2A-BF58-4E501E28EA4B}.Publish|x64.Build.0 = Release|Any CPU
		{9925F0A7-1CCF-4B2A-BF58-4E501E28EA4B}.Publish|x86.ActiveCfg = Release|Any CPU
		{9925F0A7-1CCF-4B2A-BF58-4E501E28EA4B}.Publish|x86.Build.0 = Release|Any CPU
		{9925F0A7-1CCF-4B2A-BF58-4E501E28EA4B}.Release|Any CPU.ActiveCfg = Release|Any CPU
		{9925F0A7-1CCF-4B2A-BF58-4E501E28EA4B}.Release|Any CPU.Build.0 = Release|Any CPU
		{9925F0A7-1CCF-4B2A-BF58-4E501E28EA4B}.Release|x64.ActiveCfg = Release|Any CPU
		{9925F0A7-1CCF-4B2A-BF58-4E501E28EA4B}.Release|x64.Build.0 = Release|Any CPU
		{9925F0A7-1CCF-4B2A-BF58-4E501E28EA4B}.Release|x86.ActiveCfg = Release|Any CPU
		{9925F0A7-1CCF-4B2A-BF58-4E501E28EA4B}.Release|x86.Build.0 = Release|Any CPU
		{9EFB3394-512B-4D8B-B096-4D026E65326A}.Debug|Any CPU.ActiveCfg = Debug|Any CPU
		{9EFB3394-512B-4D8B-B096-4D026E65326A}.Debug|Any CPU.Build.0 = Debug|Any CPU
		{9EFB3394-512B-4D8B-B096-4D026E65326A}.Debug|x64.ActiveCfg = Debug|Any CPU
		{9EFB3394-512B-4D8B-B096-4D026E65326A}.Debug|x64.Build.0 = Debug|Any CPU
		{9EFB3394-512B-4D8B-B096-4D026E65326A}.Debug|x86.ActiveCfg = Debug|Any CPU
		{9EFB3394-512B-4D8B-B096-4D026E65326A}.Debug|x86.Build.0 = Debug|Any CPU
		{9EFB3394-512B-4D8B-B096-4D026E65326A}.Publish|Any CPU.ActiveCfg = Publish|Any CPU
		{9EFB3394-512B-4D8B-B096-4D026E65326A}.Publish|Any CPU.Build.0 = Publish|Any CPU
		{9EFB3394-512B-4D8B-B096-4D026E65326A}.Publish|x64.ActiveCfg = Release|Any CPU
		{9EFB3394-512B-4D8B-B096-4D026E65326A}.Publish|x64.Build.0 = Release|Any CPU
		{9EFB3394-512B-4D8B-B096-4D026E65326A}.Publish|x86.ActiveCfg = Release|Any CPU
		{9EFB3394-512B-4D8B-B096-4D026E65326A}.Publish|x86.Build.0 = Release|Any CPU
		{9EFB3394-512B-4D8B-B096-4D026E65326A}.Release|Any CPU.ActiveCfg = Release|Any CPU
		{9EFB3394-512B-4D8B-B096-4D026E65326A}.Release|Any CPU.Build.0 = Release|Any CPU
		{9EFB3394-512B-4D8B-B096-4D026E65326A}.Release|x64.ActiveCfg = Release|Any CPU
		{9EFB3394-512B-4D8B-B096-4D026E65326A}.Release|x64.Build.0 = Release|Any CPU
		{9EFB3394-512B-4D8B-B096-4D026E65326A}.Release|x86.ActiveCfg = Release|Any CPU
		{9EFB3394-512B-4D8B-B096-4D026E65326A}.Release|x86.Build.0 = Release|Any CPU
		{02751077-A34C-4F9C-B195-E7ADCCE74916}.Debug|Any CPU.ActiveCfg = Release|Any CPU
		{02751077-A34C-4F9C-B195-E7ADCCE74916}.Debug|Any CPU.Build.0 = Release|Any CPU
		{02751077-A34C-4F9C-B195-E7ADCCE74916}.Debug|x64.ActiveCfg = Debug|Any CPU
		{02751077-A34C-4F9C-B195-E7ADCCE74916}.Debug|x64.Build.0 = Debug|Any CPU
		{02751077-A34C-4F9C-B195-E7ADCCE74916}.Debug|x86.ActiveCfg = Debug|Any CPU
		{02751077-A34C-4F9C-B195-E7ADCCE74916}.Debug|x86.Build.0 = Debug|Any CPU
		{02751077-A34C-4F9C-B195-E7ADCCE74916}.Publish|Any CPU.ActiveCfg = Release|Any CPU
		{02751077-A34C-4F9C-B195-E7ADCCE74916}.Publish|Any CPU.Build.0 = Release|Any CPU
		{02751077-A34C-4F9C-B195-E7ADCCE74916}.Publish|x64.ActiveCfg = Release|Any CPU
		{02751077-A34C-4F9C-B195-E7ADCCE74916}.Publish|x64.Build.0 = Release|Any CPU
		{02751077-A34C-4F9C-B195-E7ADCCE74916}.Publish|x86.ActiveCfg = Release|Any CPU
		{02751077-A34C-4F9C-B195-E7ADCCE74916}.Publish|x86.Build.0 = Release|Any CPU
		{02751077-A34C-4F9C-B195-E7ADCCE74916}.Release|Any CPU.ActiveCfg = Release|Any CPU
		{02751077-A34C-4F9C-B195-E7ADCCE74916}.Release|Any CPU.Build.0 = Release|Any CPU
		{02751077-A34C-4F9C-B195-E7ADCCE74916}.Release|x64.ActiveCfg = Release|Any CPU
		{02751077-A34C-4F9C-B195-E7ADCCE74916}.Release|x64.Build.0 = Release|Any CPU
		{02751077-A34C-4F9C-B195-E7ADCCE74916}.Release|x86.ActiveCfg = Release|Any CPU
		{02751077-A34C-4F9C-B195-E7ADCCE74916}.Release|x86.Build.0 = Release|Any CPU
		{20C0D81E-C69A-4BD6-8937-60BC3D760AF8}.Debug|Any CPU.ActiveCfg = Debug|Any CPU
		{20C0D81E-C69A-4BD6-8937-60BC3D760AF8}.Debug|Any CPU.Build.0 = Debug|Any CPU
		{20C0D81E-C69A-4BD6-8937-60BC3D760AF8}.Debug|x64.ActiveCfg = Debug|Any CPU
		{20C0D81E-C69A-4BD6-8937-60BC3D760AF8}.Debug|x64.Build.0 = Debug|Any CPU
		{20C0D81E-C69A-4BD6-8937-60BC3D760AF8}.Debug|x86.ActiveCfg = Debug|Any CPU
		{20C0D81E-C69A-4BD6-8937-60BC3D760AF8}.Debug|x86.Build.0 = Debug|Any CPU
		{20C0D81E-C69A-4BD6-8937-60BC3D760AF8}.Publish|Any CPU.ActiveCfg = Release|Any CPU
		{20C0D81E-C69A-4BD6-8937-60BC3D760AF8}.Publish|Any CPU.Build.0 = Release|Any CPU
		{20C0D81E-C69A-4BD6-8937-60BC3D760AF8}.Publish|x64.ActiveCfg = Release|Any CPU
		{20C0D81E-C69A-4BD6-8937-60BC3D760AF8}.Publish|x64.Build.0 = Release|Any CPU
		{20C0D81E-C69A-4BD6-8937-60BC3D760AF8}.Publish|x86.ActiveCfg = Release|Any CPU
		{20C0D81E-C69A-4BD6-8937-60BC3D760AF8}.Publish|x86.Build.0 = Release|Any CPU
		{20C0D81E-C69A-4BD6-8937-60BC3D760AF8}.Release|Any CPU.ActiveCfg = Release|Any CPU
		{20C0D81E-C69A-4BD6-8937-60BC3D760AF8}.Release|Any CPU.Build.0 = Release|Any CPU
		{20C0D81E-C69A-4BD6-8937-60BC3D760AF8}.Release|x64.ActiveCfg = Release|Any CPU
		{20C0D81E-C69A-4BD6-8937-60BC3D760AF8}.Release|x64.Build.0 = Release|Any CPU
		{20C0D81E-C69A-4BD6-8937-60BC3D760AF8}.Release|x86.ActiveCfg = Release|Any CPU
		{20C0D81E-C69A-4BD6-8937-60BC3D760AF8}.Release|x86.Build.0 = Release|Any CPU
		{44A9D4B9-4085-4401-B81C-686F9A6E310F}.Debug|Any CPU.ActiveCfg = Release|Any CPU
		{44A9D4B9-4085-4401-B81C-686F9A6E310F}.Debug|Any CPU.Build.0 = Release|Any CPU
		{44A9D4B9-4085-4401-B81C-686F9A6E310F}.Debug|x64.ActiveCfg = Debug|Any CPU
		{44A9D4B9-4085-4401-B81C-686F9A6E310F}.Debug|x64.Build.0 = Debug|Any CPU
		{44A9D4B9-4085-4401-B81C-686F9A6E310F}.Debug|x86.ActiveCfg = Debug|Any CPU
		{44A9D4B9-4085-4401-B81C-686F9A6E310F}.Debug|x86.Build.0 = Debug|Any CPU
		{44A9D4B9-4085-4401-B81C-686F9A6E310F}.Publish|Any CPU.ActiveCfg = Release|Any CPU
		{44A9D4B9-4085-4401-B81C-686F9A6E310F}.Publish|Any CPU.Build.0 = Release|Any CPU
		{44A9D4B9-4085-4401-B81C-686F9A6E310F}.Publish|x64.ActiveCfg = Release|Any CPU
		{44A9D4B9-4085-4401-B81C-686F9A6E310F}.Publish|x64.Build.0 = Release|Any CPU
		{44A9D4B9-4085-4401-B81C-686F9A6E310F}.Publish|x86.ActiveCfg = Release|Any CPU
		{44A9D4B9-4085-4401-B81C-686F9A6E310F}.Publish|x86.Build.0 = Release|Any CPU
		{44A9D4B9-4085-4401-B81C-686F9A6E310F}.Release|Any CPU.ActiveCfg = Release|Any CPU
		{44A9D4B9-4085-4401-B81C-686F9A6E310F}.Release|Any CPU.Build.0 = Release|Any CPU
		{44A9D4B9-4085-4401-B81C-686F9A6E310F}.Release|x64.ActiveCfg = Release|Any CPU
		{44A9D4B9-4085-4401-B81C-686F9A6E310F}.Release|x64.Build.0 = Release|Any CPU
		{44A9D4B9-4085-4401-B81C-686F9A6E310F}.Release|x86.ActiveCfg = Release|Any CPU
		{44A9D4B9-4085-4401-B81C-686F9A6E310F}.Release|x86.Build.0 = Release|Any CPU
		{AD6BCC8A-9288-40F1-8E6F-AC3808CE765C}.Debug|Any CPU.ActiveCfg = Debug|Any CPU
		{AD6BCC8A-9288-40F1-8E6F-AC3808CE765C}.Debug|Any CPU.Build.0 = Debug|Any CPU
		{AD6BCC8A-9288-40F1-8E6F-AC3808CE765C}.Debug|x64.ActiveCfg = Debug|Any CPU
		{AD6BCC8A-9288-40F1-8E6F-AC3808CE765C}.Debug|x64.Build.0 = Debug|Any CPU
		{AD6BCC8A-9288-40F1-8E6F-AC3808CE765C}.Debug|x86.ActiveCfg = Debug|Any CPU
		{AD6BCC8A-9288-40F1-8E6F-AC3808CE765C}.Debug|x86.Build.0 = Debug|Any CPU
		{AD6BCC8A-9288-40F1-8E6F-AC3808CE765C}.Publish|Any CPU.ActiveCfg = Release|Any CPU
		{AD6BCC8A-9288-40F1-8E6F-AC3808CE765C}.Publish|Any CPU.Build.0 = Release|Any CPU
		{AD6BCC8A-9288-40F1-8E6F-AC3808CE765C}.Publish|x64.ActiveCfg = Release|Any CPU
		{AD6BCC8A-9288-40F1-8E6F-AC3808CE765C}.Publish|x64.Build.0 = Release|Any CPU
		{AD6BCC8A-9288-40F1-8E6F-AC3808CE765C}.Publish|x86.ActiveCfg = Release|Any CPU
		{AD6BCC8A-9288-40F1-8E6F-AC3808CE765C}.Publish|x86.Build.0 = Release|Any CPU
		{AD6BCC8A-9288-40F1-8E6F-AC3808CE765C}.Release|Any CPU.ActiveCfg = Release|Any CPU
		{AD6BCC8A-9288-40F1-8E6F-AC3808CE765C}.Release|Any CPU.Build.0 = Release|Any CPU
		{AD6BCC8A-9288-40F1-8E6F-AC3808CE765C}.Release|x64.ActiveCfg = Release|Any CPU
		{AD6BCC8A-9288-40F1-8E6F-AC3808CE765C}.Release|x64.Build.0 = Release|Any CPU
		{AD6BCC8A-9288-40F1-8E6F-AC3808CE765C}.Release|x86.ActiveCfg = Release|Any CPU
		{AD6BCC8A-9288-40F1-8E6F-AC3808CE765C}.Release|x86.Build.0 = Release|Any CPU
		{B0160BAE-FDC6-40CA-8E1C-1E9365553B85}.Debug|Any CPU.ActiveCfg = Debug|Any CPU
		{B0160BAE-FDC6-40CA-8E1C-1E9365553B85}.Debug|Any CPU.Build.0 = Debug|Any CPU
		{B0160BAE-FDC6-40CA-8E1C-1E9365553B85}.Debug|x64.ActiveCfg = Debug|Any CPU
		{B0160BAE-FDC6-40CA-8E1C-1E9365553B85}.Debug|x64.Build.0 = Debug|Any CPU
		{B0160BAE-FDC6-40CA-8E1C-1E9365553B85}.Debug|x86.ActiveCfg = Debug|Any CPU
		{B0160BAE-FDC6-40CA-8E1C-1E9365553B85}.Debug|x86.Build.0 = Debug|Any CPU
		{B0160BAE-FDC6-40CA-8E1C-1E9365553B85}.Publish|Any CPU.ActiveCfg = Debug|Any CPU
		{B0160BAE-FDC6-40CA-8E1C-1E9365553B85}.Publish|Any CPU.Build.0 = Debug|Any CPU
		{B0160BAE-FDC6-40CA-8E1C-1E9365553B85}.Publish|x64.ActiveCfg = Debug|Any CPU
		{B0160BAE-FDC6-40CA-8E1C-1E9365553B85}.Publish|x64.Build.0 = Debug|Any CPU
		{B0160BAE-FDC6-40CA-8E1C-1E9365553B85}.Publish|x86.ActiveCfg = Debug|Any CPU
		{B0160BAE-FDC6-40CA-8E1C-1E9365553B85}.Publish|x86.Build.0 = Debug|Any CPU
		{B0160BAE-FDC6-40CA-8E1C-1E9365553B85}.Release|Any CPU.ActiveCfg = Release|Any CPU
		{B0160BAE-FDC6-40CA-8E1C-1E9365553B85}.Release|Any CPU.Build.0 = Release|Any CPU
		{B0160BAE-FDC6-40CA-8E1C-1E9365553B85}.Release|x64.ActiveCfg = Release|Any CPU
		{B0160BAE-FDC6-40CA-8E1C-1E9365553B85}.Release|x64.Build.0 = Release|Any CPU
		{B0160BAE-FDC6-40CA-8E1C-1E9365553B85}.Release|x86.ActiveCfg = Release|Any CPU
		{B0160BAE-FDC6-40CA-8E1C-1E9365553B85}.Release|x86.Build.0 = Release|Any CPU
		{5FFF0F3A-E492-4E5B-AE43-D3ED7A2176C6}.Debug|Any CPU.ActiveCfg = Debug|Any CPU
		{5FFF0F3A-E492-4E5B-AE43-D3ED7A2176C6}.Debug|Any CPU.Build.0 = Debug|Any CPU
		{5FFF0F3A-E492-4E5B-AE43-D3ED7A2176C6}.Debug|x64.ActiveCfg = Debug|Any CPU
		{5FFF0F3A-E492-4E5B-AE43-D3ED7A2176C6}.Debug|x64.Build.0 = Debug|Any CPU
		{5FFF0F3A-E492-4E5B-AE43-D3ED7A2176C6}.Debug|x86.ActiveCfg = Debug|Any CPU
		{5FFF0F3A-E492-4E5B-AE43-D3ED7A2176C6}.Debug|x86.Build.0 = Debug|Any CPU
		{5FFF0F3A-E492-4E5B-AE43-D3ED7A2176C6}.Publish|Any CPU.ActiveCfg = Debug|Any CPU
		{5FFF0F3A-E492-4E5B-AE43-D3ED7A2176C6}.Publish|Any CPU.Build.0 = Debug|Any CPU
		{5FFF0F3A-E492-4E5B-AE43-D3ED7A2176C6}.Publish|x64.ActiveCfg = Debug|Any CPU
		{5FFF0F3A-E492-4E5B-AE43-D3ED7A2176C6}.Publish|x64.Build.0 = Debug|Any CPU
		{5FFF0F3A-E492-4E5B-AE43-D3ED7A2176C6}.Publish|x86.ActiveCfg = Debug|Any CPU
		{5FFF0F3A-E492-4E5B-AE43-D3ED7A2176C6}.Publish|x86.Build.0 = Debug|Any CPU
		{5FFF0F3A-E492-4E5B-AE43-D3ED7A2176C6}.Release|Any CPU.ActiveCfg = Release|Any CPU
		{5FFF0F3A-E492-4E5B-AE43-D3ED7A2176C6}.Release|Any CPU.Build.0 = Release|Any CPU
		{5FFF0F3A-E492-4E5B-AE43-D3ED7A2176C6}.Release|x64.ActiveCfg = Release|Any CPU
		{5FFF0F3A-E492-4E5B-AE43-D3ED7A2176C6}.Release|x64.Build.0 = Release|Any CPU
		{5FFF0F3A-E492-4E5B-AE43-D3ED7A2176C6}.Release|x86.ActiveCfg = Release|Any CPU
		{5FFF0F3A-E492-4E5B-AE43-D3ED7A2176C6}.Release|x86.Build.0 = Release|Any CPU
		{B2E31186-B9A4-49B9-88ED-68F5D0C308A3}.Debug|Any CPU.ActiveCfg = Debug|Any CPU
		{B2E31186-B9A4-49B9-88ED-68F5D0C308A3}.Debug|Any CPU.Build.0 = Debug|Any CPU
		{B2E31186-B9A4-49B9-88ED-68F5D0C308A3}.Debug|x64.ActiveCfg = Debug|Any CPU
		{B2E31186-B9A4-49B9-88ED-68F5D0C308A3}.Debug|x64.Build.0 = Debug|Any CPU
		{B2E31186-B9A4-49B9-88ED-68F5D0C308A3}.Debug|x86.ActiveCfg = Debug|Any CPU
		{B2E31186-B9A4-49B9-88ED-68F5D0C308A3}.Debug|x86.Build.0 = Debug|Any CPU
		{B2E31186-B9A4-49B9-88ED-68F5D0C308A3}.Publish|Any CPU.ActiveCfg = Debug|Any CPU
		{B2E31186-B9A4-49B9-88ED-68F5D0C308A3}.Publish|Any CPU.Build.0 = Debug|Any CPU
		{B2E31186-B9A4-49B9-88ED-68F5D0C308A3}.Publish|x64.ActiveCfg = Debug|Any CPU
		{B2E31186-B9A4-49B9-88ED-68F5D0C308A3}.Publish|x64.Build.0 = Debug|Any CPU
		{B2E31186-B9A4-49B9-88ED-68F5D0C308A3}.Publish|x86.ActiveCfg = Debug|Any CPU
		{B2E31186-B9A4-49B9-88ED-68F5D0C308A3}.Publish|x86.Build.0 = Debug|Any CPU
		{B2E31186-B9A4-49B9-88ED-68F5D0C308A3}.Release|Any CPU.ActiveCfg = Release|Any CPU
		{B2E31186-B9A4-49B9-88ED-68F5D0C308A3}.Release|Any CPU.Build.0 = Release|Any CPU
		{B2E31186-B9A4-49B9-88ED-68F5D0C308A3}.Release|x64.ActiveCfg = Release|Any CPU
		{B2E31186-B9A4-49B9-88ED-68F5D0C308A3}.Release|x64.Build.0 = Release|Any CPU
		{B2E31186-B9A4-49B9-88ED-68F5D0C308A3}.Release|x86.ActiveCfg = Release|Any CPU
		{B2E31186-B9A4-49B9-88ED-68F5D0C308A3}.Release|x86.Build.0 = Release|Any CPU
		{05D9D671-80D1-4974-B4D6-316A71F60C1C}.Debug|Any CPU.ActiveCfg = Debug|Any CPU
		{05D9D671-80D1-4974-B4D6-316A71F60C1C}.Debug|Any CPU.Build.0 = Debug|Any CPU
		{05D9D671-80D1-4974-B4D6-316A71F60C1C}.Debug|x64.ActiveCfg = Debug|Any CPU
		{05D9D671-80D1-4974-B4D6-316A71F60C1C}.Debug|x64.Build.0 = Debug|Any CPU
		{05D9D671-80D1-4974-B4D6-316A71F60C1C}.Debug|x86.ActiveCfg = Debug|Any CPU
		{05D9D671-80D1-4974-B4D6-316A71F60C1C}.Debug|x86.Build.0 = Debug|Any CPU
		{05D9D671-80D1-4974-B4D6-316A71F60C1C}.Publish|Any CPU.ActiveCfg = Debug|Any CPU
		{05D9D671-80D1-4974-B4D6-316A71F60C1C}.Publish|Any CPU.Build.0 = Debug|Any CPU
		{05D9D671-80D1-4974-B4D6-316A71F60C1C}.Publish|x64.ActiveCfg = Debug|Any CPU
		{05D9D671-80D1-4974-B4D6-316A71F60C1C}.Publish|x64.Build.0 = Debug|Any CPU
		{05D9D671-80D1-4974-B4D6-316A71F60C1C}.Publish|x86.ActiveCfg = Debug|Any CPU
		{05D9D671-80D1-4974-B4D6-316A71F60C1C}.Publish|x86.Build.0 = Debug|Any CPU
		{05D9D671-80D1-4974-B4D6-316A71F60C1C}.Release|Any CPU.ActiveCfg = Release|Any CPU
		{05D9D671-80D1-4974-B4D6-316A71F60C1C}.Release|Any CPU.Build.0 = Release|Any CPU
		{05D9D671-80D1-4974-B4D6-316A71F60C1C}.Release|x64.ActiveCfg = Release|Any CPU
		{05D9D671-80D1-4974-B4D6-316A71F60C1C}.Release|x64.Build.0 = Release|Any CPU
		{05D9D671-80D1-4974-B4D6-316A71F60C1C}.Release|x86.ActiveCfg = Release|Any CPU
		{05D9D671-80D1-4974-B4D6-316A71F60C1C}.Release|x86.Build.0 = Release|Any CPU
	EndGlobalSection
	GlobalSection(SolutionProperties) = preSolution
		HideSolutionNode = FALSE
	EndGlobalSection
	GlobalSection(NestedProjects) = preSolution
		{6E3D50E1-26C7-4B03-9731-F3BEBC01BAE5} = {9905DB86-F63D-4D74-8557-F2FDC5A8E8EF}
		{E228C56D-4B72-4FFC-A5B6-09F619B98C03} = {9905DB86-F63D-4D74-8557-F2FDC5A8E8EF}
		{30843916-2A46-4FD3-9EBE-FBB12941E9D5} = {37206676-AF96-4550-8902-573478D345C4}
		{1599FAEB-0352-4DF1-953A-55C3C46CA65C} = {30843916-2A46-4FD3-9EBE-FBB12941E9D5}
		{94664BD1-1BEC-4841-B0B3-9484D2B1B758} = {30843916-2A46-4FD3-9EBE-FBB12941E9D5}
		{3A9D5199-B1DC-4E30-9EDA-DC97CDCCBC46} = {30843916-2A46-4FD3-9EBE-FBB12941E9D5}
		{B9E32EF8-036A-4C3B-A19F-65E297F69C0F} = {30843916-2A46-4FD3-9EBE-FBB12941E9D5}
		{4B61CA42-D6E6-41E1-BEB2-C1AD7C15C44F} = {37206676-AF96-4550-8902-573478D345C4}
		{54CE9D55-5AC1-42E1-8566-A3997358F284} = {64B4FE5C-C2F7-4390-BD39-ABEA21E627B0}
		{BF277E07-B879-4864-BB05-3167255B3B5D} = {64B4FE5C-C2F7-4390-BD39-ABEA21E627B0}
		{998B235E-251A-448D-B2D7-A0CCA68C5AFB} = {64B4FE5C-C2F7-4390-BD39-ABEA21E627B0}
		{2633849D-2973-4886-8CFC-690BC1574418} = {64B4FE5C-C2F7-4390-BD39-ABEA21E627B0}
		{BD92454B-C21F-41F2-819F-B1819D89B976} = {64B4FE5C-C2F7-4390-BD39-ABEA21E627B0}
		{629C8775-5773-48D1-8E05-457F34373891} = {32143198-896A-4A09-B9A9-4B6499BD9C6F}
		{45247FAF-D536-4C0B-AC88-0C1B08EEBDB2} = {32143198-896A-4A09-B9A9-4B6499BD9C6F}
		{D490547E-5E31-432B-98FD-A3669AAD3348} = {32143198-896A-4A09-B9A9-4B6499BD9C6F}
		{CB1AB5A8-BA00-4CB1-8FBD-733422DFD895} = {32143198-896A-4A09-B9A9-4B6499BD9C6F}
		{9925F0A7-1CCF-4B2A-BF58-4E501E28EA4B} = {32143198-896A-4A09-B9A9-4B6499BD9C6F}
		{9EFB3394-512B-4D8B-B096-4D026E65326A} = {32143198-896A-4A09-B9A9-4B6499BD9C6F}
		{02751077-A34C-4F9C-B195-E7ADCCE74916} = {64B4FE5C-C2F7-4390-BD39-ABEA21E627B0}
		{20C0D81E-C69A-4BD6-8937-60BC3D760AF8} = {76817686-58AA-463A-90EC-4EC48FE5137C}
		{44A9D4B9-4085-4401-B81C-686F9A6E310F} = {4DB1D48C-742E-49E9-B168-306F530EEE8F}
		{AD6BCC8A-9288-40F1-8E6F-AC3808CE765C} = {4DB1D48C-742E-49E9-B168-306F530EEE8F}
		{B0160BAE-FDC6-40CA-8E1C-1E9365553B85} = {4DB1D48C-742E-49E9-B168-306F530EEE8F}
		{5FFF0F3A-E492-4E5B-AE43-D3ED7A2176C6} = {9905DB86-F63D-4D74-8557-F2FDC5A8E8EF}
		{B2E31186-B9A4-49B9-88ED-68F5D0C308A3} = {76817686-58AA-463A-90EC-4EC48FE5137C}
		{05D9D671-80D1-4974-B4D6-316A71F60C1C} = {76817686-58AA-463A-90EC-4EC48FE5137C}
		{37206676-AF96-4550-8902-573478D345C4} = {9905DB86-F63D-4D74-8557-F2FDC5A8E8EF}
	EndGlobalSection
	GlobalSection(ExtensibilityGlobals) = postSolution
		SolutionGuid = {45A8C1DC-61B7-40BB-9A57-1BFEF8B10C27}
	EndGlobalSection
EndGlobal
